
Microsoft Visual Studio Solution File, Format Version 12.00
# Visual Studio 15
VisualStudioVersion = 15.0.28010.2041
MinimumVisualStudioVersion = 10.0.40219.1
Project("{F184B08F-C81C-45F6-A57F-5ABD9991F28F}") = "TycoonGameTest", "TycoonGameTest.vbproj", "{5F1F9161-0ACA-4BEE-AA0C-9035989228C7}"
EndProject
Global
	GlobalSection(SolutionConfigurationPlatforms) = preSolution
		Debug|Any CPU = Debug|Any CPU
		Release|Any CPU = Release|Any CPU
	EndGlobalSection
	GlobalSection(ProjectConfigurationPlatforms) = postSolution
		{5F1F9161-0ACA-4BEE-AA0C-9035989228C7}.Debug|Any CPU.ActiveCfg = Debug|Any CPU
		{5F1F9161-0ACA-4BEE-AA0C-9035989228C7}.Debug|Any CPU.Build.0 = Debug|Any CPU
		{5F1F9161-0ACA-4BEE-AA0C-9035989228C7}.Release|Any CPU.ActiveCfg = Release|Any CPU
		{5F1F9161-0ACA-4BEE-AA0C-9035989228C7}.Release|Any CPU.Build.0 = Release|Any CPU
	EndGlobalSection
	GlobalSection(SolutionProperties) = preSolution
		HideSolutionNode = FALSE
	EndGlobalSection
	GlobalSection(ExtensibilityGlobals) = postSolution
		SolutionGuid = {B51A8C53-A2EE-4F43-B040-DEEC098B3328}
	EndGlobalSection
EndGlobal
